
Microsoft Visual Studio Solution File, Format Version 12.00
# Visual Studio Version 17
VisualStudioVersion = 17.8.34330.188
MinimumVisualStudioVersion = 10.0.40219.1
Project("{FAE04EC0-301F-11D3-BF4B-00C04F79EFBC}") = "MainBlock", "MainBlock\MainBlock.csproj", "{6CC4A40C-CA81-4DB8-9376-0E41771D37E0}"
EndProject
Global
	GlobalSection(SolutionConfigurationPlatforms) = preSolution
		Debug|Any CPU = Debug|Any CPU
		Release|Any CPU = Release|Any CPU
	EndGlobalSection
	GlobalSection(ProjectConfigurationPlatforms) = postSolution
		{6CC4A40C-CA81-4DB8-9376-0E41771D37E0}.Debug|Any CPU.ActiveCfg = Debug|Any CPU
		{6CC4A40C-CA81-4DB8-9376-0E41771D37E0}.Debug|Any CPU.Build.0 = Debug|Any CPU
		{6CC4A40C-CA81-4DB8-9376-0E41771D37E0}.Release|Any CPU.ActiveCfg = Release|Any CPU
		{6CC4A40C-CA81-4DB8-9376-0E41771D37E0}.Release|Any CPU.Build.0 = Release|Any CPU
	EndGlobalSection
	GlobalSection(SolutionProperties) = preSolution
		HideSolutionNode = FALSE
	EndGlobalSection
	GlobalSection(ExtensibilityGlobals) = postSolution
		SolutionGuid = {0ADC25E7-DA93-4BB8-891E-BE2E4745226F}
	EndGlobalSection
EndGlobal
